
Microsoft Visual Studio Solution File, Format Version 12.00
# Visual Studio Version 16
VisualStudioVersion = 16.0.31205.134
MinimumVisualStudioVersion = 10.0.40219.1
Project("{FAE04EC0-301F-11D3-BF4B-00C04F79EFBC}") = "Framework_03", "Framework_03.csproj", "{3CCA7FCD-6AAB-4784-8B19-280652F7953D}"
EndProject
Global
	GlobalSection(SolutionConfigurationPlatforms) = preSolution
		Debug|Any CPU = Debug|Any CPU
		Release|Any CPU = Release|Any CPU
	EndGlobalSection
	GlobalSection(ProjectConfigurationPlatforms) = postSolution
		{3CCA7FCD-6AAB-4784-8B19-280652F7953D}.Debug|Any CPU.ActiveCfg = Debug|Any CPU
		{3CCA7FCD-6AAB-4784-8B19-280652F7953D}.Debug|Any CPU.Build.0 = Debug|Any CPU
		{3CCA7FCD-6AAB-4784-8B19-280652F7953D}.Release|Any CPU.ActiveCfg = Release|Any CPU
		{3CCA7FCD-6AAB-4784-8B19-280652F7953D}.Release|Any CPU.Build.0 = Release|Any CPU
	EndGlobalSection
	GlobalSection(SolutionProperties) = preSolution
		HideSolutionNode = FALSE
	EndGlobalSection
	GlobalSection(ExtensibilityGlobals) = postSolution
		SolutionGuid = {9BD921A3-3929-4F13-AD56-608D1E3A0DE6}
	EndGlobalSection
EndGlobal
