
Microsoft Visual Studio Solution File, Format Version 12.00
# Visual Studio Version 16
VisualStudioVersion = 16.0.31205.134
MinimumVisualStudioVersion = 10.0.40219.1
Project("{9A19103F-16F7-4668-BE54-9A1E7A4F7556}") = "Framework_06", "Framework_06.csproj", "{1260C2B9-9159-4EAD-8505-027CF64AA7F6}"
EndProject
Global
	GlobalSection(SolutionConfigurationPlatforms) = preSolution
		Debug|Any CPU = Debug|Any CPU
		Release|Any CPU = Release|Any CPU
	EndGlobalSection
	GlobalSection(ProjectConfigurationPlatforms) = postSolution
		{1260C2B9-9159-4EAD-8505-027CF64AA7F6}.Debug|Any CPU.ActiveCfg = Debug|Any CPU
		{1260C2B9-9159-4EAD-8505-027CF64AA7F6}.Debug|Any CPU.Build.0 = Debug|Any CPU
		{1260C2B9-9159-4EAD-8505-027CF64AA7F6}.Release|Any CPU.ActiveCfg = Release|Any CPU
		{1260C2B9-9159-4EAD-8505-027CF64AA7F6}.Release|Any CPU.Build.0 = Release|Any CPU
	EndGlobalSection
	GlobalSection(SolutionProperties) = preSolution
		HideSolutionNode = FALSE
	EndGlobalSection
	GlobalSection(ExtensibilityGlobals) = postSolution
		SolutionGuid = {CAFFBA58-CC78-4DF4-BB9E-4CBE9855E948}
	EndGlobalSection
EndGlobal
